{
  "name": "PrototypeV2",
  "lockfileVersion": 2,
  "requires": true,
  "packages": {
    "": {
      "dependencies": {
        "@generic-ui/fabric": "^0.19.0",
        "@generic-ui/hermes": "^0.19.0",
        "@generic-ui/ngx-grid": "^0.19.0",
        "bootstrap": "^5.2.3",
        "i": "^0.3.7",
        "jquery": "^3.6.4"
      }
    },
    "node_modules/@angular/common": {
      "version": "15.2.8",
      "resolved": "https://registry.npmjs.org/@angular/common/-/common-15.2.8.tgz",
      "integrity": "sha512-yLDQihiRcVl38HrWMPbqgzOaSUw85AQH5BsGdjbS6BpoBQj3EXOpccCMFsuxOKxPG4toatgawNqrEnK0Jpv9Mw==",
      "peer": true,
      "dependencies": {
        "tslib": "^2.3.0"
      },
      "engines": {
        "node": "^14.20.0 || ^16.13.0 || >=18.10.0"
      },
      "peerDependencies": {
        "@angular/core": "15.2.8",
        "rxjs": "^6.5.3 || ^7.4.0"
      }
    },
    "node_modules/@angular/core": {
      "version": "15.2.8",
      "resolved": "https://registry.npmjs.org/@angular/core/-/core-15.2.8.tgz",
      "integrity": "sha512-NDs+g4uM4EhyCvluf8a0YBCFXsDAEfCMHOD5cS00Bl+liTQ7JwtmepkWXMyjLB92irC9JaR79kdy4BoIKOh8WA==",
      "peer": true,
      "dependencies": {
        "tslib": "^2.3.0"
      },
      "engines": {
        "node": "^14.20.0 || ^16.13.0 || >=18.10.0"
      },
      "peerDependencies": {
        "rxjs": "^6.5.3 || ^7.4.0",
        "zone.js": "~0.11.4 || ~0.12.0 || ~0.13.0"
      }
    },
    "node_modules/@angular/forms": {
      "version": "15.2.8",
      "resolved": "https://registry.npmjs.org/@angular/forms/-/forms-15.2.8.tgz",
      "integrity": "sha512-VyevVj20DdQWjAQUyiFTe+DAzqG9GqfAOWn376Y/lhPcwxAojXePTGNgtQud566/urDrNrP5haaLD6O36/3n+w==",
      "peer": true,
      "dependencies": {
        "tslib": "^2.3.0"
      },
      "engines": {
        "node": "^14.20.0 || ^16.13.0 || >=18.10.0"
      },
      "peerDependencies": {
        "@angular/common": "15.2.8",
        "@angular/core": "15.2.8",
        "@angular/platform-browser": "15.2.8",
        "rxjs": "^6.5.3 || ^7.4.0"
      }
    },
    "node_modules/@angular/platform-browser": {
      "version": "15.2.8",
      "resolved": "https://registry.npmjs.org/@angular/platform-browser/-/platform-browser-15.2.8.tgz",
      "integrity": "sha512-8sKFUld54inj0FnQ1ydhFxnDgsbbf43W9FALye/5uEtLgwwE/ZvkNYMaQ7hq1JPuQRMDj3gJkFqaLeFjplpHDA==",
      "peer": true,
      "dependencies": {
        "tslib": "^2.3.0"
      },
      "engines": {
        "node": "^14.20.0 || ^16.13.0 || >=18.10.0"
      },
      "peerDependencies": {
        "@angular/animations": "15.2.8",
        "@angular/common": "15.2.8",
        "@angular/core": "15.2.8"
      },
      "peerDependenciesMeta": {
        "@angular/animations": {
          "optional": true
        }
      }
    },
    "node_modules/@generic-ui/fabric": {
      "version": "0.19.0",
      "resolved": "https://registry.npmjs.org/@generic-ui/fabric/-/fabric-0.19.0.tgz",
      "integrity": "sha512-NQMOuvalUX3B/j7lxQZfi4BS2Rn6wms3QR/IkKxbTJIkF7q7+im9NoxMBISRpcGFa7r6SgHKYwAW2Uo/SRqe3g==",
      "dependencies": {
        "tslib": "^2.0.0"
      },
      "peerDependencies": {
        "@angular/common": "^15.0.0",
        "@angular/core": "^15.0.0"
      }
    },
    "node_modules/@generic-ui/hermes": {
      "version": "0.19.0",
      "resolved": "https://registry.npmjs.org/@generic-ui/hermes/-/hermes-0.19.0.tgz",
      "integrity": "sha512-rOzd3KO0pf3bHILL397sUSHUwxy3oeYbsXSGTF381gdcexYAcYpqrjrw+C1riMl3NV9annN5+x0o8oTZtWcAsQ==",
      "dependencies": {
        "tslib": "^2.0.0"
      },
      "peerDependencies": {
        "@angular/common": "^15.0.0",
        "@angular/core": "^15.0.0",
        "rxjs": "6.6.7"
      }
    },
    "node_modules/@generic-ui/ngx-grid": {
      "version": "0.19.0",
      "resolved": "https://registry.npmjs.org/@generic-ui/ngx-grid/-/ngx-grid-0.19.0.tgz",
      "integrity": "sha512-WseYXSy+S7IrRM9QY1dSsazykAOOjy+Imp0PFv8GqCKv0+Zz6tCA0/p8VfSJxzQJPyRWbnT1btySGymQhYdS8A==",
      "dependencies": {
        "tslib": "^2.0.0"
      },
      "peerDependencies": {
        "@angular/common": "^15.0.0",
        "@angular/core": "^15.0.0",
        "@angular/forms": "^15.0.0",
        "@angular/platform-browser": "^15.0.0",
        "@generic-ui/fabric": "0.19.0",
        "@generic-ui/hermes": "0.19.0",
        "rxjs": "~6.6.7"
      }
    },
    "node_modules/@popperjs/core": {
      "version": "2.11.7",
      "resolved": "https://registry.npmjs.org/@popperjs/core/-/core-2.11.7.tgz",
      "integrity": "sha512-Cr4OjIkipTtcXKjAsm8agyleBuDHvxzeBoa1v543lbv1YaIwQjESsVcmjiWiPEbC1FIeHOG/Op9kdCmAmiS3Kw==",
      "peer": true,
      "funding": {
        "type": "opencollective",
        "url": "https://opencollective.com/popperjs"
      }
    },
    "node_modules/bootstrap": {
      "version": "5.2.3",
      "resolved": "https://registry.npmjs.org/bootstrap/-/bootstrap-5.2.3.tgz",
      "integrity": "sha512-cEKPM+fwb3cT8NzQZYEu4HilJ3anCrWqh3CHAok1p9jXqMPsPTBhU25fBckEJHJ/p+tTxTFTsFQGM+gaHpi3QQ==",
      "funding": [
        {
          "type": "github",
          "url": "https://github.com/sponsors/twbs"
        },
        {
          "type": "opencollective",
          "url": "https://opencollective.com/bootstrap"
        }
      ],
      "peerDependencies": {
        "@popperjs/core": "^2.11.6"
      }
    },
    "node_modules/i": {
      "version": "0.3.7",
      "resolved": "https://registry.npmjs.org/i/-/i-0.3.7.tgz",
      "integrity": "sha512-FYz4wlXgkQwIPqhzC5TdNMLSE5+GS1IIDJZY/1ZiEPCT2S3COUVZeT5OW4BmW4r5LHLQuOosSwsvnroG9GR59Q==",
      "engines": {
        "node": ">=0.4"
      }
    },
    "node_modules/jquery": {
      "version": "3.6.4",
      "resolved": "https://registry.npmjs.org/jquery/-/jquery-3.6.4.tgz",
      "integrity": "sha512-v28EW9DWDFpzcD9O5iyJXg3R3+q+mET5JhnjJzQUZMHOv67bpSIHq81GEYpPNZHG+XXHsfSme3nxp/hndKEcsQ=="
    },
    "node_modules/rxjs": {
      "version": "6.6.7",
      "resolved": "https://registry.npmjs.org/rxjs/-/rxjs-6.6.7.tgz",
      "integrity": "sha512-hTdwr+7yYNIT5n4AMYp85KA6yw2Va0FLa3Rguvbpa4W3I5xynaBZo41cM3XM+4Q6fRMj3sBYIR1VAmZMXYJvRQ==",
      "peer": true,
      "dependencies": {
        "tslib": "^1.9.0"
      },
      "engines": {
        "npm": ">=2.0.0"
      }
    },
    "node_modules/rxjs/node_modules/tslib": {
      "version": "1.14.1",
      "resolved": "https://registry.npmjs.org/tslib/-/tslib-1.14.1.tgz",
      "integrity": "sha512-Xni35NKzjgMrwevysHTCArtLDpPvye8zV/0E4EyYn43P7/7qvQwPh9BGkHewbMulVntbigmcT7rdX3BNo9wRJg==",
      "peer": true
    },
    "node_modules/tslib": {
      "version": "2.5.0",
      "resolved": "https://registry.npmjs.org/tslib/-/tslib-2.5.0.tgz",
      "integrity": "sha512-336iVw3rtn2BUK7ORdIAHTyxHGRIHVReokCR3XjbckJMK7ms8FysBfhLR8IXnAgy7T0PTPNBWKiH514FOW/WSg=="
    },
    "node_modules/zone.js": {
      "version": "0.13.0",
      "resolved": "https://registry.npmjs.org/zone.js/-/zone.js-0.13.0.tgz",
      "integrity": "sha512-7m3hNNyswsdoDobCkYNAy5WiUulkMd3+fWaGT9ij6iq3Zr/IwJo4RMCYPSDjT+r7tnPErmY9sZpKhWQ8S5k6XQ==",
      "peer": true,
      "dependencies": {
        "tslib": "^2.3.0"
      }
    }
  },
  "dependencies": {
    "@angular/common": {
      "version": "15.2.8",
      "resolved": "https://registry.npmjs.org/@angular/common/-/common-15.2.8.tgz",
      "integrity": "sha512-yLDQihiRcVl38HrWMPbqgzOaSUw85AQH5BsGdjbS6BpoBQj3EXOpccCMFsuxOKxPG4toatgawNqrEnK0Jpv9Mw==",
      "peer": true,
      "requires": {
        "tslib": "^2.3.0"
      }
    },
    "@angular/core": {
      "version": "15.2.8",
      "resolved": "https://registry.npmjs.org/@angular/core/-/core-15.2.8.tgz",
      "integrity": "sha512-NDs+g4uM4EhyCvluf8a0YBCFXsDAEfCMHOD5cS00Bl+liTQ7JwtmepkWXMyjLB92irC9JaR79kdy4BoIKOh8WA==",
      "peer": true,
      "requires": {
        "tslib": "^2.3.0"
      }
    },
    "@angular/forms": {
      "version": "15.2.8",
      "resolved": "https://registry.npmjs.org/@angular/forms/-/forms-15.2.8.tgz",
      "integrity": "sha512-VyevVj20DdQWjAQUyiFTe+DAzqG9GqfAOWn376Y/lhPcwxAojXePTGNgtQud566/urDrNrP5haaLD6O36/3n+w==",
      "peer": true,
      "requires": {
        "tslib": "^2.3.0"
      }
    },
    "@angular/platform-browser": {
      "version": "15.2.8",
      "resolved": "https://registry.npmjs.org/@angular/platform-browser/-/platform-browser-15.2.8.tgz",
      "integrity": "sha512-8sKFUld54inj0FnQ1ydhFxnDgsbbf43W9FALye/5uEtLgwwE/ZvkNYMaQ7hq1JPuQRMDj3gJkFqaLeFjplpHDA==",
      "peer": true,
      "requires": {
        "tslib": "^2.3.0"
      }
    },
    "@generic-ui/fabric": {
      "version": "0.19.0",
      "resolved": "https://registry.npmjs.org/@generic-ui/fabric/-/fabric-0.19.0.tgz",
      "integrity": "sha512-NQMOuvalUX3B/j7lxQZfi4BS2Rn6wms3QR/IkKxbTJIkF7q7+im9NoxMBISRpcGFa7r6SgHKYwAW2Uo/SRqe3g==",
      "requires": {
        "tslib": "^2.0.0"
      }
    },
    "@generic-ui/hermes": {
      "version": "0.19.0",
      "resolved": "https://registry.npmjs.org/@generic-ui/hermes/-/hermes-0.19.0.tgz",
      "integrity": "sha512-rOzd3KO0pf3bHILL397sUSHUwxy3oeYbsXSGTF381gdcexYAcYpqrjrw+C1riMl3NV9annN5+x0o8oTZtWcAsQ==",
      "requires": {
        "tslib": "^2.0.0"
      }
    },
    "@generic-ui/ngx-grid": {
      "version": "0.19.0",
      "resolved": "https://registry.npmjs.org/@generic-ui/ngx-grid/-/ngx-grid-0.19.0.tgz",
      "integrity": "sha512-WseYXSy+S7IrRM9QY1dSsazykAOOjy+Imp0PFv8GqCKv0+Zz6tCA0/p8VfSJxzQJPyRWbnT1btySGymQhYdS8A==",
      "requires": {
        "tslib": "^2.0.0"
      }
    },
    "@popperjs/core": {
      "version": "2.11.7",
      "resolved": "https://registry.npmjs.org/@popperjs/core/-/core-2.11.7.tgz",
      "integrity": "sha512-Cr4OjIkipTtcXKjAsm8agyleBuDHvxzeBoa1v543lbv1YaIwQjESsVcmjiWiPEbC1FIeHOG/Op9kdCmAmiS3Kw==",
      "peer": true
    },
    "bootstrap": {
      "version": "5.2.3",
      "resolved": "https://registry.npmjs.org/bootstrap/-/bootstrap-5.2.3.tgz",
      "integrity": "sha512-cEKPM+fwb3cT8NzQZYEu4HilJ3anCrWqh3CHAok1p9jXqMPsPTBhU25fBckEJHJ/p+tTxTFTsFQGM+gaHpi3QQ==",
      "requires": {}
    },
    "i": {
      "version": "0.3.7",
      "resolved": "https://registry.npmjs.org/i/-/i-0.3.7.tgz",
      "integrity": "sha512-FYz4wlXgkQwIPqhzC5TdNMLSE5+GS1IIDJZY/1ZiEPCT2S3COUVZeT5OW4BmW4r5LHLQuOosSwsvnroG9GR59Q=="
    },
    "jquery": {
      "version": "3.6.4",
      "resolved": "https://registry.npmjs.org/jquery/-/jquery-3.6.4.tgz",
      "integrity": "sha512-v28EW9DWDFpzcD9O5iyJXg3R3+q+mET5JhnjJzQUZMHOv67bpSIHq81GEYpPNZHG+XXHsfSme3nxp/hndKEcsQ=="
    },
    "rxjs": {
      "version": "6.6.7",
      "resolved": "https://registry.npmjs.org/rxjs/-/rxjs-6.6.7.tgz",
      "integrity": "sha512-hTdwr+7yYNIT5n4AMYp85KA6yw2Va0FLa3Rguvbpa4W3I5xynaBZo41cM3XM+4Q6fRMj3sBYIR1VAmZMXYJvRQ==",
      "peer": true,
      "requires": {
        "tslib": "^1.9.0"
      },
      "dependencies": {
        "tslib": {
          "version": "1.14.1",
          "resolved": "https://registry.npmjs.org/tslib/-/tslib-1.14.1.tgz",
          "integrity": "sha512-Xni35NKzjgMrwevysHTCArtLDpPvye8zV/0E4EyYn43P7/7qvQwPh9BGkHewbMulVntbigmcT7rdX3BNo9wRJg==",
          "peer": true
        }
      }
    },
    "tslib": {
      "version": "2.5.0",
      "resolved": "https://registry.npmjs.org/tslib/-/tslib-2.5.0.tgz",
      "integrity": "sha512-336iVw3rtn2BUK7ORdIAHTyxHGRIHVReokCR3XjbckJMK7ms8FysBfhLR8IXnAgy7T0PTPNBWKiH514FOW/WSg=="
    },
    "zone.js": {
      "version": "0.13.0",
      "resolved": "https://registry.npmjs.org/zone.js/-/zone.js-0.13.0.tgz",
      "integrity": "sha512-7m3hNNyswsdoDobCkYNAy5WiUulkMd3+fWaGT9ij6iq3Zr/IwJo4RMCYPSDjT+r7tnPErmY9sZpKhWQ8S5k6XQ==",
      "peer": true,
      "requires": {
        "tslib": "^2.3.0"
      }
    }
  }
}
